
Microsoft Visual Studio Solution File, Format Version 12.00
# Visual Studio Version 17
VisualStudioVersion = 17.8.34408.163
MinimumVisualStudioVersion = 10.0.40219.1
Project("{8BC9CEB8-8B4A-11D0-8D11-00A0C91BC942}") = "nigs", "nigs\nigs.vcxproj", "{CE6215BD-F7D3-45FA-934D-D87B3F0DE593}"
EndProject
Global
	GlobalSection(SolutionConfigurationPlatforms) = preSolution
		Debug|x64 = Debug|x64
		Debug|x86 = Debug|x86
		Release|x64 = Release|x64
		Release|x86 = Release|x86
	EndGlobalSection
	GlobalSection(ProjectConfigurationPlatforms) = postSolution
		{CE6215BD-F7D3-45FA-934D-D87B3F0DE593}.Debug|x64.ActiveCfg = Debug|x64
		{CE6215BD-F7D3-45FA-934D-D87B3F0DE593}.Debug|x64.Build.0 = Debug|x64
		{CE6215BD-F7D3-45FA-934D-D87B3F0DE593}.Debug|x86.ActiveCfg = Debug|Win32
		{CE6215BD-F7D3-45FA-934D-D87B3F0DE593}.Debug|x86.Build.0 = Debug|Win32
		{CE6215BD-F7D3-45FA-934D-D87B3F0DE593}.Release|x64.ActiveCfg = Release|x64
		{CE6215BD-F7D3-45FA-934D-D87B3F0DE593}.Release|x64.Build.0 = Release|x64
		{CE6215BD-F7D3-45FA-934D-D87B3F0DE593}.Release|x86.ActiveCfg = Release|Win32
		{CE6215BD-F7D3-45FA-934D-D87B3F0DE593}.Release|x86.Build.0 = Release|Win32
	EndGlobalSection
	GlobalSection(SolutionProperties) = preSolution
		HideSolutionNode = FALSE
	EndGlobalSection
	GlobalSection(ExtensibilityGlobals) = postSolution
		SolutionGuid = {AB15AAD6-C5E3-4DBC-9791-4941C0F33EEF}
	EndGlobalSection
EndGlobal
